// !$*UTF8*$!
{
	archiveVersion = 1;
	classes = {
	};
	objectVersion = 50;
	objects = {

/* Begin PBXBuildFile section */
		55AACE5F243CA3F7004F6AE6 /* AppDelegate.swift in Sources */ = {isa = PBXBuildFile; fileRef = 55AACE5E243CA3F7004F6AE6 /* AppDelegate.swift */; };
		55AACE61243CA3F7004F6AE6 /* SceneDelegate.swift in Sources */ = {isa = PBXBuildFile; fileRef = 55AACE60243CA3F7004F6AE6 /* SceneDelegate.swift */; };
		55AACE63243CA3F7004F6AE6 /* ViewController.swift in Sources */ = {isa = PBXBuildFile; fileRef = 55AACE62243CA3F7004F6AE6 /* ViewController.swift */; };
		55AACE66243CA3F7004F6AE6 /* Main.storyboard in Resources */ = {isa = PBXBuildFile; fileRef = 55AACE64243CA3F7004F6AE6 /* Main.storyboard */; };
		55AACE68243CA3FB004F6AE6 /* Assets.xcassets in Resources */ = {isa = PBXBuildFile; fileRef = 55AACE67243CA3FB004F6AE6 /* Assets.xcassets */; };
		55AACE6B243CA3FB004F6AE6 /* LaunchScreen.storyboard in Resources */ = {isa = PBXBuildFile; fileRef = 55AACE69243CA3FB004F6AE6 /* LaunchScreen.storyboard */; };
/* End PBXBuildFile section */

/* Begin PBXFileReference section */
		55AACE5B243CA3F7004F6AE6 /* Hellowarld.app */ = {isa = PBXFileReference; explicitFileType = wrapper.application; includeInIndex = 0; path = Hellowarld.app; sourceTree = BUILT_PRODUCTS_DIR; };
		55AACE5E243CA3F7004F6AE6 /* AppDelegate.swift */ = {isa = PBXFileReference; lastKnownFileType = sourcecode.swift; path = AppDelegate.swift; sourceTree = "<group>"; };
		55AACE60243CA3F7004F6AE6 /* SceneDelegate.swift */ = {isa = PBXFileReference; lastKnownFileType = sourcecode.swift; path = SceneDelegate.swift; sourceTree = "<group>"; };
		55AACE62243CA3F7004F6AE6 /* ViewController.swift */ = {isa = PBXFileReference; lastKnownFileType = sourcecode.swift; path = ViewController.swift; sourceTree = "<group>"; };
		55AACE65243CA3F7004F6AE6 /* Base */ = {isa = PBXFileReference; lastKnownFileType = file.storyboard; name = Base; path = Base.lproj/Main.storyboard; sourceTree = "<group>"; };
		55AACE67243CA3FB004F6AE6 /* Assets.xcassets */ = {isa = PBXFileReference; lastKnownFileType = folder.assetcatalog; path = Assets.xcassets; sourceTree = "<group>"; };
		55AACE6A243CA3FB004F6AE6 /* Base */ = {isa = PBXFileReference; lastKnownFileType = file.storyboard; name = Base; path = Base.lproj/LaunchScreen.storyboard; sourceTree = "<group>"; };
		55AACE6C243CA3FB004F6AE6 /* Info.plist */ = {isa = PBXFileReference; lastKnownFileType = text.plist.xml; path = Info.plist; sourceTree = "<group>"; };
/* End PBXFileReference section */

/* Begin PBXFrameworksBuildPhase section */
		55AACE58243CA3F7004F6AE6 /* Frameworks */ = {
			isa = PBXFrameworksBuildPhase;
			buildActionMask = 2147483647;
			files = (
			);
			runOnlyForDeploymentPostprocessing = 0;
		};
/* End PBXFrameworksBuildPhase section */

/* Begin PBXGroup section */
		55AACE52243CA3F7004F6AE6 = {
			isa = PBXGroup;
			children = (
				55AACE5D243CA3F7004F6AE6 /* Hellowarld */,
				55AACE5C243CA3F7004F6AE6 /* Products */,
			);
			sourceTree = "<group>";
		};
		55AACE5C243CA3F7004F6AE6 /* Products */ = {
			isa = PBXGroup;
			children = (
				55AACE5B243CA3F7004F6AE6 /* Hellowarld.app */,
			);
			name = Products;
			sourceTree = "<group>";
		};
		55AACE5D243CA3F7004F6AE6 /* Hellowarld */ = {
			isa = PBXGroup;
			children = (
				55AACE5E243CA3F7004F6AE6 /* AppDelegate.swift */,
				55AACE60243CA3F7004F6AE6 /* SceneDelegate.swift */,
				55AACE62243CA3F7004F6AE6 /* ViewController.swift */,
				55AACE64243CA3F7004F6AE6 /* Main.storyboard */,
				55AACE67243CA3FB004F6AE6 /* Assets.xcassets */,
				55AACE69243CA3FB004F6AE6 /* LaunchScreen.storyboard */,
				55AACE6C243CA3FB004F6AE6 /* Info.plist */,
			);
			path = Hellowarld;
			sourceTree = "<group>";
		};
/* End PBXGroup section */

/* Begin PBXNativeTarget section */
		55AACE5A243CA3F7004F6AE6 /* Hellowarld */ = {
			isa = PBXNativeTarget;
			buildConfigurationList = 55AACE6F243CA3FB004F6AE6 /* Build configuration list for PBXNativeTarget "Hellowarld" */;
			buildPhases = (
				55AACE57243CA3F7004F6AE6 /* Sources */,
				55AACE58243CA3F7004F6AE6 /* Frameworks */,
				55AACE59243CA3F7004F6AE6 /* Resources */,
			);
			buildRules = (
			);
			dependencies = (
			);
			name = Hellowarld;
			productName = Hellowarld;
			productReference = 55AACE5B243CA3F7004F6AE6 /* Hellowarld.app */;
			productType = "com.apple.product-type.application";
		};
/* End PBXNativeTarget section */

/* Begin PBXProject section */
		55AACE53243CA3F7004F6AE6 /* Project object */ = {
			isa = PBXProject;
			attributes = {
				LastSwiftUpdateCheck = 1140;
				LastUpgradeCheck = 1140;
				ORGANIZATIONNAME = yuya.shimizu;
				TargetAttributes = {
					55AACE5A243CA3F7004F6AE6 = {
						CreatedOnToolsVersion = 11.4;
					};
				};
			};
			buildConfigurationList = 55AACE56243CA3F7004F6AE6 /* Build configuration list for PBXProject "Hellowarld" */;
			compatibilityVersion = "Xcode 9.3";
			developmentRegion = en;
			hasScannedForEncodings = 0;
			knownRegions = (
				en,
				Base,
			);
			mainGroup = 55AACE52243CA3F7004F6AE6;
			productRefGroup = 55AACE5C243CA3F7004F6AE6 /* Products */;
			projectDirPath = "";
			projectRoot = "";
			targets = (
				55AACE5A243CA3F7004F6AE6 /* Hellowarld */,
			);
		};
/* End PBXProject section */

/* Begin PBXResourcesBuildPhase section */
		55AACE59243CA3F7004F6AE6 /* Resources */ = {
			isa = PBXResourcesBuildPhase;
			buildActionMask = 2147483647;
			files = (
				55AACE6B243CA3FB004F6AE6 /* LaunchScreen.storyboard in Resources */,
				55AACE68243CA3FB004F6AE6 /* Assets.xcassets in Resources */,
				55AACE66243CA3F7004F6AE6 /* Main.storyboard in Resources */,
			);
			runOnlyForDeploymentPostprocessing = 0;
		};
/* End PBXResourcesBuildPhase section */

/* Begin PBXSourcesBuildPhase section */
		55AACE57243CA3F7004F6AE6 /* Sources */ = {
			isa = PBXSourcesBuildPhase;
			buildActionMask = 2147483647;
			files = (
				55AACE63243CA3F7004F6AE6 /* ViewController.swift in Sources */,
				55AACE5F243CA3F7004F6AE6 /* AppDelegate.swift in Sources */,
				55AACE61243CA3F7004F6AE6 /* SceneDelegate.swift in Sources */,
			);
			runOnlyForDeploymentPostprocessing = 0;
		};
/* End PBXSourcesBuildPhase section */

/* Begin PBXVariantGroup section */
		55AACE64243CA3F7004F6AE6 /* Main.storyboard */ = {
			isa = PBXVariantGroup;
			children = (
				55AACE65243CA3F7004F6AE6 /* Base */,
			);
			name = Main.storyboard;
			sourceTree = "<group>";
		};
		55AACE69243CA3FB004F6AE6 /* LaunchScreen.storyboard */ = {
			isa = PBXVariantGroup;
			children = (
				55AACE6A243CA3FB004F6AE6 /* Base */,
			);
			name = LaunchScreen.storyboard;
			sourceTree = "<group>";
		};
/* End PBXVariantGroup section */

/* Begin XCBuildConfiguration section */
		55AACE6D243CA3FB004F6AE6 /* Debug */ = {
			isa = XCBuildConfiguration;
			buildSettings = {
				ALWAYS_SEARCH_USER_PATHS = NO;
				CLANG_ANALYZER_NONNULL = YES;
				CLANG_ANALYZER_NUMBER_OBJECT_CONVERSION = YES_AGGRESSIVE;
				CLANG_CXX_LANGUAGE_STANDARD = "gnu++14";
				CLANG_CXX_LIBRARY = "libc++";
				CLANG_ENABLE_MODULES = YES;
				CLANG_ENABLE_OBJC_ARC = YES;
				CLANG_ENABLE_OBJC_WEAK = YES;
				CLANG_WARN_BLOCK_CAPTURE_AUTORELEASING = YES;
				CLANG_WARN_BOOL_CONVERSION = YES;
				CLANG_WARN_COMMA = YES;
				CLANG_WARN_CONSTANT_CONVERSION = YES;
				CLANG_WARN_DEPRECATED_OBJC_IMPLEMENTATIONS = YES;
				CLANG_WARN_DIRECT_OBJC_ISA_USAGE = YES_ERROR;
				CLANG_WARN_DOCUMENTATION_COMMENTS = YES;
				CLANG_WARN_EMPTY_BODY = YES;
				CLANG_WARN_ENUM_CONVERSION = YES;
				CLANG_WARN_INFINITE_RECURSION = YES;
				CLANG_WARN_INT_CONVERSION = YES;
				CLANG_WARN_NON_LITERAL_NULL_CONVERSION = YES;
				CLANG_WARN_OBJC_IMPLICIT_RETAIN_SELF = YES;
				CLANG_WARN_OBJC_LITERAL_CONVERSION = YES;
				CLANG_WARN_OBJC_ROOT_CLASS = YES_ERROR;
				CLANG_WARN_RANGE_LOOP_ANALYSIS = YES;
				CLANG_WARN_STRICT_PROTOTYPES = YES;
				CLANG_WARN_SUSPICIOUS_MOVE = YES;
				CLANG_WARN_UNGUARDED_AVAILABILITY = YES_AGGRESSIVE;
				CLANG_WARN_UNREACHABLE_CODE = YES;
				CLANG_WARN__DUPLICATE_METHOD_MATCH = YES;
				COPY_PHASE_STRIP = NO;
				DEBUG_INFORMATION_FORMAT = dwarf;
				ENABLE_STRICT_OBJC_MSGSEND = YES;
				ENABLE_TESTABILITY = YES;
				GCC_C_LANGUAGE_STANDARD = gnu11;
				GCC_DYNAMIC_NO_PIC = NO;
				GCC_NO_COMMON_BLOCKS = YES;
				GCC_OPTIMIZATION_LEVEL = 0;
				GCC_PREPROCESSOR_DEFINITIONS = (
					"DEBUG=1",
					"$(inherited)",
				);
				GCC_WARN_64_TO_32_BIT_CONVERSION = YES;
				GCC_WARN_ABOUT_RETURN_TYPE = YES_ERROR;
				GCC_WARN_UNDECLARED_SELECTOR = YES;
				GCC_WARN_UNINITIALIZED_AUTOS = YES_AGGRESSIVE;
				GCC_WARN_UNUSED_FUNCTION = YES;
				GCC_WARN_UNUSED_VARIABLE = YES;
				IPHONEOS_DEPLOYMENT_TARGET = 13.4;
				MTL_ENABLE_DEBUG_INFO = INCLUDE_SOURCE;
				MTL_FAST_MATH = YES;
				ONLY_ACTIVE_ARCH = YES;
				SDKROOT = iphoneos;
				SWIFT_ACTIVE_COMPILATION_CONDITIONS = DEBUG;
				SWIFT_OPTIMIZATION_LEVEL = "-Onone";
			};
			name = Debug;
		};
		55AACE6E243CA3FB004F6AE6 /* Release */ = {
			isa = XCBuildConfiguration;
			buildSettings = {
				ALWAYS_SEARCH_USER_PATHS = NO;
				CLANG_ANALYZER_NONNULL = YES;
				CLANG_ANALYZER_NUMBER_OBJECT_CONVERSION = YES_AGGRESSIVE;
				CLANG_CXX_LANGUAGE_STANDARD = "gnu++14";
				CLANG_CXX_LIBRARY = "libc++";
				CLANG_ENABLE_MODULES = YES;
				CLANG_ENABLE_OBJC_ARC = YES;
				CLANG_ENABLE_OBJC_WEAK = YES;
				CLANG_WARN_BLOCK_CAPTURE_AUTORELEASING = YES;
				CLANG_WARN_BOOL_CONVERSION = YES;
				CLANG_WARN_COMMA = YES;
				CLANG_WARN_CONSTANT_CONVERSION = YES;
				CLANG_WARN_DEPRECATED_OBJC_IMPLEMENTATIONS = YES;
				CLANG_WARN_DIRECT_OBJC_ISA_USAGE = YES_ERROR;
				CLANG_WARN_DOCUMENTATION_COMMENTS = YES;
				CLANG_WARN_EMPTY_BODY = YES;
				CLANG_WARN_ENUM_CONVERSION = YES;
				CLANG_WARN_INFINITE_RECURSION = YES;
				CLANG_WARN_INT_CONVERSION = YES;
				CLANG_WARN_NON_LITERAL_NULL_CONVERSION = YES;
				CLANG_WARN_OBJC_IMPLICIT_RETAIN_SELF = YES;
				CLANG_WARN_OBJC_LITERAL_CONVERSION = YES;
				CLANG_WARN_OBJC_ROOT_CLASS = YES_ERROR;
				CLANG_WARN_RANGE_LOOP_ANALYSIS = YES;
				CLANG_WARN_STRICT_PROTOTYPES = YES;
				CLANG_WARN_SUSPICIOUS_MOVE = YES;
				CLANG_WARN_UNGUARDED_AVAILABILITY = YES_AGGRESSIVE;
				CLANG_WARN_UNREACHABLE_CODE = YES;
				CLANG_WARN__DUPLICATE_METHOD_MATCH = YES;
				COPY_PHASE_STRIP = NO;
				DEBUG_INFORMATION_FORMAT = "dwarf-with-dsym";
				ENABLE_NS_ASSERTIONS = NO;
				ENABLE_STRICT_OBJC_MSGSEND = YES;
				GCC_C_LANGUAGE_STANDARD = gnu11;
				GCC_NO_COMMON_BLOCKS = YES;
				GCC_WARN_64_TO_32_BIT_CONVERSION = YES;
				GCC_WARN_ABOUT_RETURN_TYPE = YES_ERROR;
				GCC_WARN_UNDECLARED_SELECTOR = YES;
				GCC_WARN_UNINITIALIZED_AUTOS = YES_AGGRESSIVE;
				GCC_WARN_UNUSED_FUNCTION = YES;
				GCC_WARN_UNUSED_VARIABLE = YES;
				IPHONEOS_DEPLOYMENT_TARGET = 13.4;
				MTL_ENABLE_DEBUG_INFO = NO;
				MTL_FAST_MATH = YES;
				SDKROOT = iphoneos;
				SWIFT_COMPILATION_MODE = wholemodule;
				SWIFT_OPTIMIZATION_LEVEL = "-O";
				VALIDATE_PRODUCT = YES;
			};
			name = Release;
		};
		55AACE70243CA3FB004F6AE6 /* Debug */ = {
			isa = XCBuildConfiguration;
			buildSettings = {
				ASSETCATALOG_COMPILER_APPICON_NAME = AppIcon;
				CODE_SIGN_STYLE = Automatic;
				DEVELOPMENT_TEAM = HWXNSWPUU8;
				INFOPLIST_FILE = Hellowarld/Info.plist;
				LD_RUNPATH_SEARCH_PATHS = (
					"$(inherited)",
					"@executable_path/Frameworks",
				);
				PRODUCT_BUNDLE_IDENTIFIER = com.yusei.kogyo.Hellowarld;
				PRODUCT_NAME = "$(TARGET_NAME)";
				SWIFT_VERSION = 5.0;
				TARGETED_DEVICE_FAMILY = "1,2";
			};
			name = Debug;
		};
		55AACE71243CA3FB004F6AE6 /* Release */ = {
			isa = XCBuildConfiguration;
			buildSettings = {
				ASSETCATALOG_COMPILER_APPICON_NAME = AppIcon;
				CODE_SIGN_STYLE = Automatic;
				DEVELOPMENT_TEAM = HWXNSWPUU8;
				INFOPLIST_FILE = Hellowarld/Info.plist;
				LD_RUNPATH_SEARCH_PATHS = (
					"$(inherited)",
					"@executable_path/Frameworks",
				);
				PRODUCT_BUNDLE_IDENTIFIER = com.yusei.kogyo.Hellowarld;
				PRODUCT_NAME = "$(TARGET_NAME)";
				SWIFT_VERSION = 5.0;
				TARGETED_DEVICE_FAMILY = "1,2";
			};
			name = Release;
		};
/* End XCBuildConfiguration section */

/* Begin XCConfigurationList section */
		55AACE56243CA3F7004F6AE6 /* Build configuration list for PBXProject "Hellowarld" */ = {
			isa = XCConfigurationList;
			buildConfigurations = (
				55AACE6D243CA3FB004F6AE6 /* Debug */,
				55AACE6E243CA3FB004F6AE6 /* Release */,
			);
			defaultConfigurationIsVisible = 0;
			defaultConfigurationName = Release;
		};
		55AACE6F243CA3FB004F6AE6 /* Build configuration list for PBXNativeTarget "Hellowarld" */ = {
			isa = XCConfigurationList;
			buildConfigurations = (
				55AACE70243CA3FB004F6AE6 /* Debug */,
				55AACE71243CA3FB004F6AE6 /* Release */,
			);
			defaultConfigurationIsVisible = 0;
			defaultConfigurationName = Release;
		};
/* End XCConfigurationList section */
	};
	rootObject = 55AACE53243CA3F7004F6AE6 /* Project object */;
}
